
Microsoft Visual Studio Solution File, Format Version 12.00
# Visual Studio Version 17
VisualStudioVersion = 17.4.33213.308
MinimumVisualStudioVersion = 10.0.40219.1
Project("{8BC9CEB8-8B4A-11D0-8D11-00A0C91BC942}") = "Win32GUI", "Win32GUI.vcxproj", "{CB3288C7-F0F0-462C-857D-4BAAF0078893}"
EndProject
Global
	GlobalSection(SolutionConfigurationPlatforms) = preSolution
		Debug|x64 = Debug|x64
		Debug|x86 = Debug|x86
		Release|x64 = Release|x64
		Release|x86 = Release|x86
	EndGlobalSection
	GlobalSection(ProjectConfigurationPlatforms) = postSolution
		{CB3288C7-F0F0-462C-857D-4BAAF0078893}.Debug|x64.ActiveCfg = Debug|x64
		{CB3288C7-F0F0-462C-857D-4BAAF0078893}.Debug|x64.Build.0 = Debug|x64
		{CB3288C7-F0F0-462C-857D-4BAAF0078893}.Debug|x86.ActiveCfg = Debug|Win32
		{CB3288C7-F0F0-462C-857D-4BAAF0078893}.Debug|x86.Build.0 = Debug|Win32
		{CB3288C7-F0F0-462C-857D-4BAAF0078893}.Release|x64.ActiveCfg = Release|x64
		{CB3288C7-F0F0-462C-857D-4BAAF0078893}.Release|x64.Build.0 = Release|x64
		{CB3288C7-F0F0-462C-857D-4BAAF0078893}.Release|x86.ActiveCfg = Release|Win32
		{CB3288C7-F0F0-462C-857D-4BAAF0078893}.Release|x86.Build.0 = Release|Win32
	EndGlobalSection
	GlobalSection(SolutionProperties) = preSolution
		HideSolutionNode = FALSE
	EndGlobalSection
	GlobalSection(ExtensibilityGlobals) = postSolution
		SolutionGuid = {1ED19A50-B106-41C9-AA26-927F0ACC067C}
	EndGlobalSection
EndGlobal
